// !$*UTF8*$!
{
	archiveVersion = 1;
	classes = {
	};
	objectVersion = 46;
	objects = {

/* Begin PBXBuildFile section */
		C72679501C64473000E48F10 /* SimpleCSVFile.swift in Sources */ = {isa = PBXBuildFile; fileRef = C726794F1C64473000E48F10 /* SimpleCSVFile.swift */; };
		C72679521C646AD400E48F10 /* run_mogenerator.sh in Resources */ = {isa = PBXBuildFile; fileRef = C72679511C646AD400E48F10 /* run_mogenerator.sh */; };
		C726795A1C64B76800E48F10 /* sample-data.csv in Resources */ = {isa = PBXBuildFile; fileRef = C72679591C64B76800E48F10 /* sample-data.csv */; };
		C7A6CB731C621AA300D1E8F1 /* AppDelegate.swift in Sources */ = {isa = PBXBuildFile; fileRef = C7A6CB721C621AA300D1E8F1 /* AppDelegate.swift */; };
		C7A6CB761C621AA300D1E8F1 /* Passer_Rating.xcdatamodeld in Sources */ = {isa = PBXBuildFile; fileRef = C7A6CB741C621AA300D1E8F1 /* Passer_Rating.xcdatamodeld */; };
		C7A6CB781C621AA300D1E8F1 /* MasterViewController.swift in Sources */ = {isa = PBXBuildFile; fileRef = C7A6CB771C621AA300D1E8F1 /* MasterViewController.swift */; };
		C7A6CB7A1C621AA300D1E8F1 /* DetailViewController.swift in Sources */ = {isa = PBXBuildFile; fileRef = C7A6CB791C621AA300D1E8F1 /* DetailViewController.swift */; };
		C7A6CB7D1C621AA300D1E8F1 /* Main.storyboard in Resources */ = {isa = PBXBuildFile; fileRef = C7A6CB7B1C621AA300D1E8F1 /* Main.storyboard */; };
		C7A6CB7F1C621AA300D1E8F1 /* Assets.xcassets in Resources */ = {isa = PBXBuildFile; fileRef = C7A6CB7E1C621AA300D1E8F1 /* Assets.xcassets */; };
		C7A6CB821C621AA300D1E8F1 /* LaunchScreen.storyboard in Resources */ = {isa = PBXBuildFile; fileRef = C7A6CB801C621AA300D1E8F1 /* LaunchScreen.storyboard */; };
		C7FB95A71C63677D00BBDFC9 /* _Game.swift in Sources */ = {isa = PBXBuildFile; fileRef = C7FB95A31C63677D00BBDFC9 /* _Game.swift */; };
		C7FB95A81C63677D00BBDFC9 /* _Passer.swift in Sources */ = {isa = PBXBuildFile; fileRef = C7FB95A41C63677D00BBDFC9 /* _Passer.swift */; };
		C7FB95A91C63677D00BBDFC9 /* Game.swift in Sources */ = {isa = PBXBuildFile; fileRef = C7FB95A51C63677D00BBDFC9 /* Game.swift */; };
		C7FB95AA1C63677D00BBDFC9 /* Passer.swift in Sources */ = {isa = PBXBuildFile; fileRef = C7FB95A61C63677D00BBDFC9 /* Passer.swift */; };
		C7FB95AE1C63690000BBDFC9 /* Extensions.swift in Sources */ = {isa = PBXBuildFile; fileRef = C7FB95AD1C63690000BBDFC9 /* Extensions.swift */; };
		C7FB95B21C63698400BBDFC9 /* Utilities.swift in Sources */ = {isa = PBXBuildFile; fileRef = C7FB95B11C63698400BBDFC9 /* Utilities.swift */; };
		C7FB95B51C63709900BBDFC9 /* rating.swift in Sources */ = {isa = PBXBuildFile; fileRef = C7FB95B41C63709900BBDFC9 /* rating.swift */; };
/* End PBXBuildFile section */

/* Begin PBXFileReference section */
		C726794F1C64473000E48F10 /* SimpleCSVFile.swift */ = {isa = PBXFileReference; fileEncoding = 4; lastKnownFileType = sourcecode.swift; path = SimpleCSVFile.swift; sourceTree = "<group>"; };
		C72679511C646AD400E48F10 /* run_mogenerator.sh */ = {isa = PBXFileReference; fileEncoding = 4; lastKnownFileType = text.script.sh; path = run_mogenerator.sh; sourceTree = "<group>"; };
		C72679541C64B3DA00E48F10 /* generate-games.rb */ = {isa = PBXFileReference; fileEncoding = 4; lastKnownFileType = text.script.ruby; path = "generate-games.rb"; sourceTree = "<group>"; };
		C72679591C64B76800E48F10 /* sample-data.csv */ = {isa = PBXFileReference; fileEncoding = 4; lastKnownFileType = text; name = "sample-data.csv"; path = "Passer Rating/sample-data.csv"; sourceTree = "<group>"; };
		C7A6CB6F1C621AA300D1E8F1 /* Passer Rating.app */ = {isa = PBXFileReference; explicitFileType = wrapper.application; includeInIndex = 0; path = "Passer Rating.app"; sourceTree = BUILT_PRODUCTS_DIR; };
		C7A6CB721C621AA300D1E8F1 /* AppDelegate.swift */ = {isa = PBXFileReference; lastKnownFileType = sourcecode.swift; path = AppDelegate.swift; sourceTree = "<group>"; };
		C7A6CB751C621AA300D1E8F1 /* Passer_Rating.xcdatamodel */ = {isa = PBXFileReference; lastKnownFileType = wrapper.xcdatamodel; path = Passer_Rating.xcdatamodel; sourceTree = "<group>"; };
		C7A6CB771C621AA300D1E8F1 /* MasterViewController.swift */ = {isa = PBXFileReference; lastKnownFileType = sourcecode.swift; path = MasterViewController.swift; sourceTree = "<group>"; };
		C7A6CB791C621AA300D1E8F1 /* DetailViewController.swift */ = {isa = PBXFileReference; lastKnownFileType = sourcecode.swift; path = DetailViewController.swift; sourceTree = "<group>"; };
		C7A6CB7C1C621AA300D1E8F1 /* Base */ = {isa = PBXFileReference; lastKnownFileType = file.storyboard; name = Base; path = Base.lproj/Main.storyboard; sourceTree = "<group>"; };
		C7A6CB7E1C621AA300D1E8F1 /* Assets.xcassets */ = {isa = PBXFileReference; lastKnownFileType = folder.assetcatalog; path = Assets.xcassets; sourceTree = "<group>"; };
		C7A6CB811C621AA300D1E8F1 /* Base */ = {isa = PBXFileReference; lastKnownFileType = file.storyboard; name = Base; path = Base.lproj/LaunchScreen.storyboard; sourceTree = "<group>"; };
		C7A6CB831C621AA300D1E8F1 /* Info.plist */ = {isa = PBXFileReference; lastKnownFileType = text.plist.xml; path = Info.plist; sourceTree = "<group>"; };
		C7FB95A31C63677D00BBDFC9 /* _Game.swift */ = {isa = PBXFileReference; fileEncoding = 4; lastKnownFileType = sourcecode.swift; path = _Game.swift; sourceTree = "<group>"; };
		C7FB95A41C63677D00BBDFC9 /* _Passer.swift */ = {isa = PBXFileReference; fileEncoding = 4; lastKnownFileType = sourcecode.swift; path = _Passer.swift; sourceTree = "<group>"; };
		C7FB95A51C63677D00BBDFC9 /* Game.swift */ = {isa = PBXFileReference; fileEncoding = 4; lastKnownFileType = sourcecode.swift; path = Game.swift; sourceTree = "<group>"; };
		C7FB95A61C63677D00BBDFC9 /* Passer.swift */ = {isa = PBXFileReference; fileEncoding = 4; lastKnownFileType = sourcecode.swift; path = Passer.swift; sourceTree = "<group>"; };
		C7FB95AD1C63690000BBDFC9 /* Extensions.swift */ = {isa = PBXFileReference; fileEncoding = 4; lastKnownFileType = sourcecode.swift; path = Extensions.swift; sourceTree = "<group>"; };
		C7FB95B11C63698400BBDFC9 /* Utilities.swift */ = {isa = PBXFileReference; fileEncoding = 4; lastKnownFileType = sourcecode.swift; path = Utilities.swift; sourceTree = "<group>"; };
		C7FB95B41C63709900BBDFC9 /* rating.swift */ = {isa = PBXFileReference; fileEncoding = 4; lastKnownFileType = sourcecode.swift; path = rating.swift; sourceTree = "<group>"; };
/* End PBXFileReference section */

/* Begin PBXFrameworksBuildPhase section */
		C7A6CB6C1C621AA300D1E8F1 /* Frameworks */ = {
			isa = PBXFrameworksBuildPhase;
			buildActionMask = 2147483647;
			files = (
			);
			runOnlyForDeploymentPostprocessing = 0;
		};
/* End PBXFrameworksBuildPhase section */

/* Begin PBXGroup section */
		C72679531C646AE000E48F10 /* ScriptsAndData */ = {
			isa = PBXGroup;
			children = (
				C72679591C64B76800E48F10 /* sample-data.csv */,
				C72679541C64B3DA00E48F10 /* generate-games.rb */,
				C72679511C646AD400E48F10 /* run_mogenerator.sh */,
			);
			name = ScriptsAndData;
			sourceTree = "<group>";
		};
		C7A6CB661C621AA300D1E8F1 = {
			isa = PBXGroup;
			children = (
				C7A6CB711C621AA300D1E8F1 /* Passer Rating */,
				C72679531C646AE000E48F10 /* ScriptsAndData */,
				C7A6CB701C621AA300D1E8F1 /* Products */,
			);
			sourceTree = "<group>";
		};
		C7A6CB701C621AA300D1E8F1 /* Products */ = {
			isa = PBXGroup;
			children = (
				C7A6CB6F1C621AA300D1E8F1 /* Passer Rating.app */,
			);
			name = Products;
			sourceTree = "<group>";
		};
		C7A6CB711C621AA300D1E8F1 /* Passer Rating */ = {
			isa = PBXGroup;
			children = (
				C7FB95A21C63677D00BBDFC9 /* CoreData */,
				C7FB95B31C63706F00BBDFC9 /* UtilsFiles */,
				C7A6CB721C621AA300D1E8F1 /* AppDelegate.swift */,
				C7A6CB771C621AA300D1E8F1 /* MasterViewController.swift */,
				C7A6CB791C621AA300D1E8F1 /* DetailViewController.swift */,
				C7A6CB7B1C621AA300D1E8F1 /* Main.storyboard */,
				C7A6CB7E1C621AA300D1E8F1 /* Assets.xcassets */,
				C7A6CB801C621AA300D1E8F1 /* LaunchScreen.storyboard */,
				C7A6CB831C621AA300D1E8F1 /* Info.plist */,
				C7A6CB741C621AA300D1E8F1 /* Passer_Rating.xcdatamodeld */,
			);
			path = "Passer Rating";
			sourceTree = "<group>";
		};
		C7FB95A21C63677D00BBDFC9 /* CoreData */ = {
			isa = PBXGroup;
			children = (
				C7FB95A31C63677D00BBDFC9 /* _Game.swift */,
				C7FB95A41C63677D00BBDFC9 /* _Passer.swift */,
				C7FB95A51C63677D00BBDFC9 /* Game.swift */,
				C7FB95A61C63677D00BBDFC9 /* Passer.swift */,
			);
			name = CoreData;
			path = mogenerated;
			sourceTree = "<group>";
		};
		C7FB95B31C63706F00BBDFC9 /* UtilsFiles */ = {
			isa = PBXGroup;
			children = (
				C7FB95AD1C63690000BBDFC9 /* Extensions.swift */,
				C7FB95B11C63698400BBDFC9 /* Utilities.swift */,
				C7FB95B41C63709900BBDFC9 /* rating.swift */,
				C726794F1C64473000E48F10 /* SimpleCSVFile.swift */,
			);
			name = UtilsFiles;
			sourceTree = "<group>";
		};
/* End PBXGroup section */

/* Begin PBXNativeTarget section */
		C7A6CB6E1C621AA300D1E8F1 /* Passer Rating */ = {
			isa = PBXNativeTarget;
			buildConfigurationList = C7A6CB861C621AA300D1E8F1 /* Build configuration list for PBXNativeTarget "Passer Rating" */;
			buildPhases = (
				C7A6CB6B1C621AA300D1E8F1 /* Sources */,
				C7A6CB6C1C621AA300D1E8F1 /* Frameworks */,
				C7A6CB6D1C621AA300D1E8F1 /* Resources */,
				C72679581C64B4CF00E48F10 /* ShellScript */,
			);
			buildRules = (
			);
			dependencies = (
			);
			name = "Passer Rating";
			productName = "Passer Rating";
			productReference = C7A6CB6F1C621AA300D1E8F1 /* Passer Rating.app */;
			productType = "com.apple.product-type.application";
		};
/* End PBXNativeTarget section */

/* Begin PBXProject section */
		C7A6CB671C621AA300D1E8F1 /* Project object */ = {
			isa = PBXProject;
			attributes = {
				LastSwiftUpdateCheck = 0720;
				LastUpgradeCheck = 0720;
				ORGANIZATIONNAME = dboyliao;
				TargetAttributes = {
					C7A6CB6E1C621AA300D1E8F1 = {
						CreatedOnToolsVersion = 7.2;
					};
				};
			};
			buildConfigurationList = C7A6CB6A1C621AA300D1E8F1 /* Build configuration list for PBXProject "Passer Rating" */;
			compatibilityVersion = "Xcode 3.2";
			developmentRegion = English;
			hasScannedForEncodings = 0;
			knownRegions = (
				en,
				Base,
			);
			mainGroup = C7A6CB661C621AA300D1E8F1;
			productRefGroup = C7A6CB701C621AA300D1E8F1 /* Products */;
			projectDirPath = "";
			projectRoot = "";
			targets = (
				C7A6CB6E1C621AA300D1E8F1 /* Passer Rating */,
			);
		};
/* End PBXProject section */

/* Begin PBXResourcesBuildPhase section */
		C7A6CB6D1C621AA300D1E8F1 /* Resources */ = {
			isa = PBXResourcesBuildPhase;
			buildActionMask = 2147483647;
			files = (
				C7A6CB821C621AA300D1E8F1 /* LaunchScreen.storyboard in Resources */,
				C7A6CB7F1C621AA300D1E8F1 /* Assets.xcassets in Resources */,
				C72679521C646AD400E48F10 /* run_mogenerator.sh in Resources */,
				C7A6CB7D1C621AA300D1E8F1 /* Main.storyboard in Resources */,
				C726795A1C64B76800E48F10 /* sample-data.csv in Resources */,
			);
			runOnlyForDeploymentPostprocessing = 0;
		};
/* End PBXResourcesBuildPhase section */

/* Begin PBXShellScriptBuildPhase section */
		C72679581C64B4CF00E48F10 /* ShellScript */ = {
			isa = PBXShellScriptBuildPhase;
			buildActionMask = 2147483647;
			files = (
			);
			inputPaths = (
			);
			outputPaths = (
			);
			runOnlyForDeploymentPostprocessing = 0;
			shellPath = /bin/sh;
			shellScript = "\"${SOURCE_ROOT}\"/generate-games.rb > \"${SOURCE_ROOT}/Passer Rating\"/sample-data.csv";
		};
/* End PBXShellScriptBuildPhase section */

/* Begin PBXSourcesBuildPhase section */
		C7A6CB6B1C621AA300D1E8F1 /* Sources */ = {
			isa = PBXSourcesBuildPhase;
			buildActionMask = 2147483647;
			files = (
				C7A6CB761C621AA300D1E8F1 /* Passer_Rating.xcdatamodeld in Sources */,
				C7A6CB731C621AA300D1E8F1 /* AppDelegate.swift in Sources */,
				C7FB95A91C63677D00BBDFC9 /* Game.swift in Sources */,
				C7A6CB781C621AA300D1E8F1 /* MasterViewController.swift in Sources */,
				C72679501C64473000E48F10 /* SimpleCSVFile.swift in Sources */,
				C7FB95B51C63709900BBDFC9 /* rating.swift in Sources */,
				C7FB95A81C63677D00BBDFC9 /* _Passer.swift in Sources */,
				C7FB95AE1C63690000BBDFC9 /* Extensions.swift in Sources */,
				C7FB95AA1C63677D00BBDFC9 /* Passer.swift in Sources */,
				C7FB95A71C63677D00BBDFC9 /* _Game.swift in Sources */,
				C7FB95B21C63698400BBDFC9 /* Utilities.swift in Sources */,
				C7A6CB7A1C621AA300D1E8F1 /* DetailViewController.swift in Sources */,
			);
			runOnlyForDeploymentPostprocessing = 0;
		};
/* End PBXSourcesBuildPhase section */

/* Begin PBXVariantGroup section */
		C7A6CB7B1C621AA300D1E8F1 /* Main.storyboard */ = {
			isa = PBXVariantGroup;
			children = (
				C7A6CB7C1C621AA300D1E8F1 /* Base */,
			);
			name = Main.storyboard;
			sourceTree = "<group>";
		};
		C7A6CB801C621AA300D1E8F1 /* LaunchScreen.storyboard */ = {
			isa = PBXVariantGroup;
			children = (
				C7A6CB811C621AA300D1E8F1 /* Base */,
			);
			name = LaunchScreen.storyboard;
			sourceTree = "<group>";
		};
/* End PBXVariantGroup section */

/* Begin XCBuildConfiguration section */
		C7A6CB841C621AA300D1E8F1 /* Debug */ = {
			isa = XCBuildConfiguration;
			buildSettings = {
				ALWAYS_SEARCH_USER_PATHS = NO;
				CLANG_CXX_LANGUAGE_STANDARD = "gnu++0x";
				CLANG_CXX_LIBRARY = "libc++";
				CLANG_ENABLE_MODULES = YES;
				CLANG_ENABLE_OBJC_ARC = YES;
				CLANG_WARN_BOOL_CONVERSION = YES;
				CLANG_WARN_CONSTANT_CONVERSION = YES;
				CLANG_WARN_DIRECT_OBJC_ISA_USAGE = YES_ERROR;
				CLANG_WARN_EMPTY_BODY = YES;
				CLANG_WARN_ENUM_CONVERSION = YES;
				CLANG_WARN_INT_CONVERSION = YES;
				CLANG_WARN_OBJC_ROOT_CLASS = YES_ERROR;
				CLANG_WARN_UNREACHABLE_CODE = YES;
				CLANG_WARN__DUPLICATE_METHOD_MATCH = YES;
				"CODE_SIGN_IDENTITY[sdk=iphoneos*]" = "iPhone Developer";
				COPY_PHASE_STRIP = NO;
				DEBUG_INFORMATION_FORMAT = dwarf;
				ENABLE_STRICT_OBJC_MSGSEND = YES;
				ENABLE_TESTABILITY = YES;
				GCC_C_LANGUAGE_STANDARD = gnu99;
				GCC_DYNAMIC_NO_PIC = NO;
				GCC_NO_COMMON_BLOCKS = YES;
				GCC_OPTIMIZATION_LEVEL = 0;
				GCC_PREPROCESSOR_DEFINITIONS = (
					"DEBUG=1",
					"$(inherited)",
				);
				GCC_WARN_64_TO_32_BIT_CONVERSION = YES;
				GCC_WARN_ABOUT_RETURN_TYPE = YES_ERROR;
				GCC_WARN_UNDECLARED_SELECTOR = YES;
				GCC_WARN_UNINITIALIZED_AUTOS = YES_AGGRESSIVE;
				GCC_WARN_UNUSED_FUNCTION = YES;
				GCC_WARN_UNUSED_VARIABLE = YES;
				IPHONEOS_DEPLOYMENT_TARGET = 9.2;
				MTL_ENABLE_DEBUG_INFO = YES;
				ONLY_ACTIVE_ARCH = YES;
				SDKROOT = iphoneos;
				SWIFT_OPTIMIZATION_LEVEL = "-Onone";
			};
			name = Debug;
		};
		C7A6CB851C621AA300D1E8F1 /* Release */ = {
			isa = XCBuildConfiguration;
			buildSettings = {
				ALWAYS_SEARCH_USER_PATHS = NO;
				CLANG_CXX_LANGUAGE_STANDARD = "gnu++0x";
				CLANG_CXX_LIBRARY = "libc++";
				CLANG_ENABLE_MODULES = YES;
				CLANG_ENABLE_OBJC_ARC = YES;
				CLANG_WARN_BOOL_CONVERSION = YES;
				CLANG_WARN_CONSTANT_CONVERSION = YES;
				CLANG_WARN_DIRECT_OBJC_ISA_USAGE = YES_ERROR;
				CLANG_WARN_EMPTY_BODY = YES;
				CLANG_WARN_ENUM_CONVERSION = YES;
				CLANG_WARN_INT_CONVERSION = YES;
				CLANG_WARN_OBJC_ROOT_CLASS = YES_ERROR;
				CLANG_WARN_UNREACHABLE_CODE = YES;
				CLANG_WARN__DUPLICATE_METHOD_MATCH = YES;
				"CODE_SIGN_IDENTITY[sdk=iphoneos*]" = "iPhone Developer";
				COPY_PHASE_STRIP = NO;
				DEBUG_INFORMATION_FORMAT = "dwarf-with-dsym";
				ENABLE_NS_ASSERTIONS = NO;
				ENABLE_STRICT_OBJC_MSGSEND = YES;
				GCC_C_LANGUAGE_STANDARD = gnu99;
				GCC_NO_COMMON_BLOCKS = YES;
				GCC_WARN_64_TO_32_BIT_CONVERSION = YES;
				GCC_WARN_ABOUT_RETURN_TYPE = YES_ERROR;
				GCC_WARN_UNDECLARED_SELECTOR = YES;
				GCC_WARN_UNINITIALIZED_AUTOS = YES_AGGRESSIVE;
				GCC_WARN_UNUSED_FUNCTION = YES;
				GCC_WARN_UNUSED_VARIABLE = YES;
				IPHONEOS_DEPLOYMENT_TARGET = 9.2;
				MTL_ENABLE_DEBUG_INFO = NO;
				SDKROOT = iphoneos;
				VALIDATE_PRODUCT = YES;
			};
			name = Release;
		};
		C7A6CB871C621AA300D1E8F1 /* Debug */ = {
			isa = XCBuildConfiguration;
			buildSettings = {
				ASSETCATALOG_COMPILER_APPICON_NAME = AppIcon;
				INFOPLIST_FILE = "Passer Rating/Info.plist";
				IPHONEOS_DEPLOYMENT_TARGET = 9.2;
				LD_RUNPATH_SEARCH_PATHS = "$(inherited) @executable_path/Frameworks";
				PRODUCT_BUNDLE_IDENTIFIER = "com.dboyliao.Passer-Rating";
				PRODUCT_NAME = "$(TARGET_NAME)";
			};
			name = Debug;
		};
		C7A6CB881C621AA300D1E8F1 /* Release */ = {
			isa = XCBuildConfiguration;
			buildSettings = {
				ASSETCATALOG_COMPILER_APPICON_NAME = AppIcon;
				INFOPLIST_FILE = "Passer Rating/Info.plist";
				IPHONEOS_DEPLOYMENT_TARGET = 9.2;
				LD_RUNPATH_SEARCH_PATHS = "$(inherited) @executable_path/Frameworks";
				PRODUCT_BUNDLE_IDENTIFIER = "com.dboyliao.Passer-Rating";
				PRODUCT_NAME = "$(TARGET_NAME)";
			};
			name = Release;
		};
/* End XCBuildConfiguration section */

/* Begin XCConfigurationList section */
		C7A6CB6A1C621AA300D1E8F1 /* Build configuration list for PBXProject "Passer Rating" */ = {
			isa = XCConfigurationList;
			buildConfigurations = (
				C7A6CB841C621AA300D1E8F1 /* Debug */,
				C7A6CB851C621AA300D1E8F1 /* Release */,
			);
			defaultConfigurationIsVisible = 0;
			defaultConfigurationName = Release;
		};
		C7A6CB861C621AA300D1E8F1 /* Build configuration list for PBXNativeTarget "Passer Rating" */ = {
			isa = XCConfigurationList;
			buildConfigurations = (
				C7A6CB871C621AA300D1E8F1 /* Debug */,
				C7A6CB881C621AA300D1E8F1 /* Release */,
			);
			defaultConfigurationIsVisible = 0;
			defaultConfigurationName = Release;
		};
/* End XCConfigurationList section */

/* Begin XCVersionGroup section */
		C7A6CB741C621AA300D1E8F1 /* Passer_Rating.xcdatamodeld */ = {
			isa = XCVersionGroup;
			children = (
				C7A6CB751C621AA300D1E8F1 /* Passer_Rating.xcdatamodel */,
			);
			currentVersion = C7A6CB751C621AA300D1E8F1 /* Passer_Rating.xcdatamodel */;
			path = Passer_Rating.xcdatamodeld;
			sourceTree = "<group>";
			versionGroupType = wrapper.xcdatamodel;
		};
/* End XCVersionGroup section */
	};
	rootObject = C7A6CB671C621AA300D1E8F1 /* Project object */;
}
